Microsoft Visual Studio Solution File, Format Version 12.00
# Visual Studio Version 16
VisualStudioVersion = 16.0.31205.134
MinimumVisualStudioVersion = 10.0.40219.1
Project("{9A19103F-16F7-4668-BE54-9A1E7A4F7556}") = "ScreenShareApp", "ScreenShareApp\ScreenShareApp.csproj", "{19E13A36-CC56-488B-809B-86F58418393F}"
EndProject
Project("{2150E333-8FDC-42A3-9474-1A3956D46DE8}") = "Solution Items", "Solution Items", "{AF2B4CB4-D394-42EF-B6EA-61256EBB9A73}"
	ProjectSection(SolutionItems) = preProject
		LICENSE.md = LICENSE.md
		README.md = README.md
	EndProjectSection
EndProject
Global
	GlobalSection(SolutionConfigurationPlatforms) = preSolution
		Debug|Any CPU = Debug|Any CPU
		Release|Any CPU = Release|Any CPU
	EndGlobalSection
	GlobalSection(ProjectConfigurationPlatforms) = postSolution
		{19E13A36-CC56-488B-809B-86F58418393F}.Debug|Any CPU.ActiveCfg = Debug|Any CPU
		{19E13A36-CC56-488B-809B-86F58418393F}.Debug|Any CPU.Build.0 = Debug|Any CPU
		{19E13A36-CC56-488B-809B-86F58418393F}.Release|Any CPU.ActiveCfg = Release|Any CPU
		{19E13A36-CC56-488B-809B-86F58418393F}.Release|Any CPU.Build.0 = Release|Any CPU
	EndGlobalSection
	GlobalSection(SolutionProperties) = preSolution
		HideSolutionNode = FALSE
	EndGlobalSection
	GlobalSection(ExtensibilityGlobals) = postSolution
		SolutionGuid = {A9D4F7D5-29AA-45AE-945D-D3E7CB7F9ABE}
	EndGlobalSection
EndGlobal
